
Microsoft Visual Studio Solution File, Format Version 12.00
# Visual Studio Version 17
VisualStudioVersion = 17.10.34928.147
MinimumVisualStudioVersion = 10.0.40219.1
Project("{9A19103F-16F7-4668-BE54-9A1E7A4F7556}") = "BlazorApp1", "BlazorApp1\BlazorApp1\BlazorApp1.csproj", "{B72CA08B-0D94-43BA-83F6-FA6298B6E97C}"
EndProject
Project("{9A19103F-16F7-4668-BE54-9A1E7A4F7556}") = "BlazorApp1.Client", "BlazorApp1\BlazorApp1.Client\BlazorApp1.Client.csproj", "{59C4D785-B4A2-4C1D-8C53-A0F06A428D1C}"
EndProject
Project("{9A19103F-16F7-4668-BE54-9A1E7A4F7556}") = "BlazorApp2", "BlazorApp2\BlazorApp2\BlazorApp2.csproj", "{DAB183A5-85BA-456F-B058-8B8DC647FB52}"
EndProject
Project("{9A19103F-16F7-4668-BE54-9A1E7A4F7556}") = "BlazorApp2.Client", "BlazorApp2\BlazorApp2.Client\BlazorApp2.Client.csproj", "{9B676C81-2DB9-446C-A85B-3B3BF7182A0F}"
EndProject
Project("{9A19103F-16F7-4668-BE54-9A1E7A4F7556}") = "WebApplication1", "WebApplication1\WebApplication1.csproj", "{949E6B39-6F8C-42C4-82B1-3A0EF660C66D}"
EndProject
Project("{FAE04EC0-301F-11D3-BF4B-00C04F79EFBC}") = "BlazorApp3", "BlazorApp3\BlazorApp3.csproj", "{6E1B45BE-FD5D-40DC-847B-FD25AFEEF2F4}"
EndProject
Global
	GlobalSection(SolutionConfigurationPlatforms) = preSolution
		Debug|Any CPU = Debug|Any CPU
		Release|Any CPU = Release|Any CPU
	EndGlobalSection
	GlobalSection(ProjectConfigurationPlatforms) = postSolution
		{B72CA08B-0D94-43BA-83F6-FA6298B6E97C}.Debug|Any CPU.ActiveCfg = Debug|Any CPU
		{B72CA08B-0D94-43BA-83F6-FA6298B6E97C}.Debug|Any CPU.Build.0 = Debug|Any CPU
		{B72CA08B-0D94-43BA-83F6-FA6298B6E97C}.Release|Any CPU.ActiveCfg = Release|Any CPU
		{B72CA08B-0D94-43BA-83F6-FA6298B6E97C}.Release|Any CPU.Build.0 = Release|Any CPU
		{59C4D785-B4A2-4C1D-8C53-A0F06A428D1C}.Debug|Any CPU.ActiveCfg = Debug|Any CPU
		{59C4D785-B4A2-4C1D-8C53-A0F06A428D1C}.Debug|Any CPU.Build.0 = Debug|Any CPU
		{59C4D785-B4A2-4C1D-8C53-A0F06A428D1C}.Release|Any CPU.ActiveCfg = Release|Any CPU
		{59C4D785-B4A2-4C1D-8C53-A0F06A428D1C}.Release|Any CPU.Build.0 = Release|Any CPU
		{DAB183A5-85BA-456F-B058-8B8DC647FB52}.Debug|Any CPU.ActiveCfg = Debug|Any CPU
		{DAB183A5-85BA-456F-B058-8B8DC647FB52}.Debug|Any CPU.Build.0 = Debug|Any CPU
		{DAB183A5-85BA-456F-B058-8B8DC647FB52}.Release|Any CPU.ActiveCfg = Release|Any CPU
		{DAB183A5-85BA-456F-B058-8B8DC647FB52}.Release|Any CPU.Build.0 = Release|Any CPU
		{9B676C81-2DB9-446C-A85B-3B3BF7182A0F}.Debug|Any CPU.ActiveCfg = Debug|Any CPU
		{9B676C81-2DB9-446C-A85B-3B3BF7182A0F}.Debug|Any CPU.Build.0 = Debug|Any CPU
		{9B676C81-2DB9-446C-A85B-3B3BF7182A0F}.Release|Any CPU.ActiveCfg = Release|Any CPU
		{9B676C81-2DB9-446C-A85B-3B3BF7182A0F}.Release|Any CPU.Build.0 = Release|Any CPU
		{949E6B39-6F8C-42C4-82B1-3A0EF660C66D}.Debug|Any CPU.ActiveCfg = Debug|Any CPU
		{949E6B39-6F8C-42C4-82B1-3A0EF660C66D}.Debug|Any CPU.Build.0 = Debug|Any CPU
		{949E6B39-6F8C-42C4-82B1-3A0EF660C66D}.Release|Any CPU.ActiveCfg = Release|Any CPU
		{949E6B39-6F8C-42C4-82B1-3A0EF660C66D}.Release|Any CPU.Build.0 = Release|Any CPU
		{6E1B45BE-FD5D-40DC-847B-FD25AFEEF2F4}.Debug|Any CPU.ActiveCfg = Debug|Any CPU
		{6E1B45BE-FD5D-40DC-847B-FD25AFEEF2F4}.Debug|Any CPU.Build.0 = Debug|Any CPU
		{6E1B45BE-FD5D-40DC-847B-FD25AFEEF2F4}.Release|Any CPU.ActiveCfg = Release|Any CPU
		{6E1B45BE-FD5D-40DC-847B-FD25AFEEF2F4}.Release|Any CPU.Build.0 = Release|Any CPU
	EndGlobalSection
	GlobalSection(SolutionProperties) = preSolution
		HideSolutionNode = FALSE
	EndGlobalSection
	GlobalSection(ExtensibilityGlobals) = postSolution
		SolutionGuid = {E1170F01-E182-4D7F-9154-80D2D5D28103}
	EndGlobalSection
EndGlobal
